
Microsoft Visual Studio Solution File, Format Version 12.00
# Visual Studio Version 16
VisualStudioVersion = 16.0.29009.5
MinimumVisualStudioVersion = 10.0.40219.1
Project("{FAE04EC0-301F-11D3-BF4B-00C04F79EFBC}") = "Starver", "Starver.csproj", "{01F7642C-ADF2-4EE4-8AE6-747305730942}"
EndProject
Global
	GlobalSection(SolutionConfigurationPlatforms) = preSolution
		Debug|Any CPU = Debug|Any CPU
		Release|Any CPU = Release|Any CPU
	EndGlobalSection
	GlobalSection(ProjectConfigurationPlatforms) = postSolution
		{01F7642C-ADF2-4EE4-8AE6-747305730942}.Debug|Any CPU.ActiveCfg = Debug|Any CPU
		{01F7642C-ADF2-4EE4-8AE6-747305730942}.Debug|Any CPU.Build.0 = Debug|Any CPU
		{01F7642C-ADF2-4EE4-8AE6-747305730942}.Release|Any CPU.ActiveCfg = Release|Any CPU
		{01F7642C-ADF2-4EE4-8AE6-747305730942}.Release|Any CPU.Build.0 = Release|Any CPU
	EndGlobalSection
	GlobalSection(SolutionProperties) = preSolution
		HideSolutionNode = FALSE
	EndGlobalSection
	GlobalSection(ExtensibilityGlobals) = postSolution
		SolutionGuid = {D890A7FD-E56B-46F9-AE93-F5032E3A3186}
	EndGlobalSection
EndGlobal
